
Microsoft Visual Studio Solution File, Format Version 12.00
# Visual Studio Version 16
VisualStudioVersion = 16.0.31702.278
MinimumVisualStudioVersion = 10.0.40219.1
Project("{8BC9CEB8-8B4A-11D0-8D11-00A0C91BC942}") = "Lab2_Partb", "Lab2_Partb\Lab2_Partb.vcxproj", "{0173FE16-EA8B-48BB-9C24-975CAA6AC9C7}"
EndProject
Global
	GlobalSection(SolutionConfigurationPlatforms) = preSolution
		Debug|x64 = Debug|x64
		Debug|x86 = Debug|x86
		Release|x64 = Release|x64
		Release|x86 = Release|x86
	EndGlobalSection
	GlobalSection(ProjectConfigurationPlatforms) = postSolution
		{0173FE16-EA8B-48BB-9C24-975CAA6AC9C7}.Debug|x64.ActiveCfg = Debug|x64
		{0173FE16-EA8B-48BB-9C24-975CAA6AC9C7}.Debug|x64.Build.0 = Debug|x64
		{0173FE16-EA8B-48BB-9C24-975CAA6AC9C7}.Debug|x86.ActiveCfg = Debug|Win32
		{0173FE16-EA8B-48BB-9C24-975CAA6AC9C7}.Debug|x86.Build.0 = Debug|Win32
		{0173FE16-EA8B-48BB-9C24-975CAA6AC9C7}.Release|x64.ActiveCfg = Release|x64
		{0173FE16-EA8B-48BB-9C24-975CAA6AC9C7}.Release|x64.Build.0 = Release|x64
		{0173FE16-EA8B-48BB-9C24-975CAA6AC9C7}.Release|x86.ActiveCfg = Release|Win32
		{0173FE16-EA8B-48BB-9C24-975CAA6AC9C7}.Release|x86.Build.0 = Release|Win32
	EndGlobalSection
	GlobalSection(SolutionProperties) = preSolution
		HideSolutionNode = FALSE
	EndGlobalSection
	GlobalSection(ExtensibilityGlobals) = postSolution
		SolutionGuid = {2A5F73F9-251C-4B89-8D8E-57333920A536}
	EndGlobalSection
EndGlobal
